
Microsoft Visual Studio Solution File, Format Version 12.00
# Visual Studio Version 16
VisualStudioVersion = 16.0.31025.194
MinimumVisualStudioVersion = 10.0.40219.1
Project("{FAE04EC0-301F-11D3-BF4B-00C04F79EFBC}") = "Ident2", "Ident2\Ident2.csproj", "{ECC60F25-B09A-4C8D-8AFE-22675D3A4546}"
EndProject
Project("{FAE04EC0-301F-11D3-BF4B-00C04F79EFBC}") = "Ident2.Tests", "Ident2.Tests\Ident2.Tests.csproj", "{167E630E-7DA5-4B6D-A1F2-E5F287C6793E}"
EndProject
Global
	GlobalSection(SolutionConfigurationPlatforms) = preSolution
		Debug|Any CPU = Debug|Any CPU
		Release|Any CPU = Release|Any CPU
	EndGlobalSection
	GlobalSection(ProjectConfigurationPlatforms) = postSolution
		{ECC60F25-B09A-4C8D-8AFE-22675D3A4546}.Debug|Any CPU.ActiveCfg = Debug|Any CPU
		{ECC60F25-B09A-4C8D-8AFE-22675D3A4546}.Debug|Any CPU.Build.0 = Debug|Any CPU
		{ECC60F25-B09A-4C8D-8AFE-22675D3A4546}.Release|Any CPU.ActiveCfg = Release|Any CPU
		{ECC60F25-B09A-4C8D-8AFE-22675D3A4546}.Release|Any CPU.Build.0 = Release|Any CPU
		{167E630E-7DA5-4B6D-A1F2-E5F287C6793E}.Debug|Any CPU.ActiveCfg = Debug|Any CPU
		{167E630E-7DA5-4B6D-A1F2-E5F287C6793E}.Debug|Any CPU.Build.0 = Debug|Any CPU
		{167E630E-7DA5-4B6D-A1F2-E5F287C6793E}.Release|Any CPU.ActiveCfg = Release|Any CPU
		{167E630E-7DA5-4B6D-A1F2-E5F287C6793E}.Release|Any CPU.Build.0 = Release|Any CPU
	EndGlobalSection
	GlobalSection(SolutionProperties) = preSolution
		HideSolutionNode = FALSE
	EndGlobalSection
	GlobalSection(ExtensibilityGlobals) = postSolution
		SolutionGuid = {8E3D5E19-E24B-4A41-87DA-92B26BFAE010}
	EndGlobalSection
EndGlobal
